// !$*UTF8*$!
{
	archiveVersion = 1;
	classes = {
	};
	objectVersion = 55;
	objects = {

/* Begin PBXBuildFile section */
		50BFD852282CCA50009E2D37 /* CardsView.swift in Sources */ = {isa = PBXBuildFile; fileRef = 50BFD850282CCA50009E2D37 /* CardsView.swift */; };
		50BFD853282CCA50009E2D37 /* CardView.swift in Sources */ = {isa = PBXBuildFile; fileRef = 50BFD851282CCA50009E2D37 /* CardView.swift */; };
		50BFD857282E1FDB009E2D37 /* Dealer.swift in Sources */ = {isa = PBXBuildFile; fileRef = 50BFD856282E1FDB009E2D37 /* Dealer.swift */; };
		50E1D0052818FF750035E112 /* TexasApp.swift in Sources */ = {isa = PBXBuildFile; fileRef = 50E1D0042818FF750035E112 /* TexasApp.swift */; };
		50E1D0072818FF750035E112 /* ContentView.swift in Sources */ = {isa = PBXBuildFile; fileRef = 50E1D0062818FF750035E112 /* ContentView.swift */; };
		50E1D0092818FF760035E112 /* Assets.xcassets in Resources */ = {isa = PBXBuildFile; fileRef = 50E1D0082818FF760035E112 /* Assets.xcassets */; };
		50E1D00C2818FF760035E112 /* Preview Assets.xcassets in Resources */ = {isa = PBXBuildFile; fileRef = 50E1D00B2818FF760035E112 /* Preview Assets.xcassets */; };
		50EF823E282F6AE7009EECCB /* Poker in Frameworks */ = {isa = PBXBuildFile; productRef = 50EF823D282F6AE7009EECCB /* Poker */; };
/* End PBXBuildFile section */

/* Begin PBXFileReference section */
		50BFD850282CCA50009E2D37 /* CardsView.swift */ = {isa = PBXFileReference; fileEncoding = 4; lastKnownFileType = sourcecode.swift; path = CardsView.swift; sourceTree = "<group>"; };
		50BFD851282CCA50009E2D37 /* CardView.swift */ = {isa = PBXFileReference; fileEncoding = 4; lastKnownFileType = sourcecode.swift; path = CardView.swift; sourceTree = "<group>"; };
		50BFD856282E1FDB009E2D37 /* Dealer.swift */ = {isa = PBXFileReference; lastKnownFileType = sourcecode.swift; path = Dealer.swift; sourceTree = "<group>"; };
		50E1D0012818FF750035E112 /* Texas.app */ = {isa = PBXFileReference; explicitFileType = wrapper.application; includeInIndex = 0; path = Texas.app; sourceTree = BUILT_PRODUCTS_DIR; };
		50E1D0042818FF750035E112 /* TexasApp.swift */ = {isa = PBXFileReference; lastKnownFileType = sourcecode.swift; path = TexasApp.swift; sourceTree = "<group>"; };
		50E1D0062818FF750035E112 /* ContentView.swift */ = {isa = PBXFileReference; lastKnownFileType = sourcecode.swift; path = ContentView.swift; sourceTree = "<group>"; };
		50E1D0082818FF760035E112 /* Assets.xcassets */ = {isa = PBXFileReference; lastKnownFileType = folder.assetcatalog; path = Assets.xcassets; sourceTree = "<group>"; };
		50E1D00B2818FF760035E112 /* Preview Assets.xcassets */ = {isa = PBXFileReference; lastKnownFileType = folder.assetcatalog; path = "Preview Assets.xcassets"; sourceTree = "<group>"; };
/* End PBXFileReference section */

/* Begin PBXFrameworksBuildPhase section */
		50E1CFFE2818FF750035E112 /* Frameworks */ = {
			isa = PBXFrameworksBuildPhase;
			buildActionMask = 2147483647;
			files = (
				50EF823E282F6AE7009EECCB /* Poker in Frameworks */,
			);
			runOnlyForDeploymentPostprocessing = 0;
		};
/* End PBXFrameworksBuildPhase section */

/* Begin PBXGroup section */
		50E1CFF82818FF750035E112 = {
			isa = PBXGroup;
			children = (
				50E1D0032818FF750035E112 /* Texas */,
				50E1D0022818FF750035E112 /* Products */,
				50E1D0132818FFB00035E112 /* Frameworks */,
			);
			sourceTree = "<group>";
		};
		50E1D0022818FF750035E112 /* Products */ = {
			isa = PBXGroup;
			children = (
				50E1D0012818FF750035E112 /* Texas.app */,
			);
			name = Products;
			sourceTree = "<group>";
		};
		50E1D0032818FF750035E112 /* Texas */ = {
			isa = PBXGroup;
			children = (
				50E1D0042818FF750035E112 /* TexasApp.swift */,
				50BFD856282E1FDB009E2D37 /* Dealer.swift */,
				50E1D0062818FF750035E112 /* ContentView.swift */,
				50BFD850282CCA50009E2D37 /* CardsView.swift */,
				50BFD851282CCA50009E2D37 /* CardView.swift */,
				50E1D0082818FF760035E112 /* Assets.xcassets */,
				50E1D00A2818FF760035E112 /* Preview Content */,
			);
			path = Texas;
			sourceTree = "<group>";
		};
		50E1D00A2818FF760035E112 /* Preview Content */ = {
			isa = PBXGroup;
			children = (
				50E1D00B2818FF760035E112 /* Preview Assets.xcassets */,
			);
			path = "Preview Content";
			sourceTree = "<group>";
		};
		50E1D0132818FFB00035E112 /* Frameworks */ = {
			isa = PBXGroup;
			children = (
			);
			name = Frameworks;
			sourceTree = "<group>";
		};
/* End PBXGroup section */

/* Begin PBXNativeTarget section */
		50E1D0002818FF750035E112 /* Texas */ = {
			isa = PBXNativeTarget;
			buildConfigurationList = 50E1D00F2818FF760035E112 /* Build configuration list for PBXNativeTarget "Texas" */;
			buildPhases = (
				50E1CFFD2818FF750035E112 /* Sources */,
				50E1CFFE2818FF750035E112 /* Frameworks */,
				50E1CFFF2818FF750035E112 /* Resources */,
			);
			buildRules = (
			);
			dependencies = (
			);
			name = Texas;
			packageProductDependencies = (
				50EF823D282F6AE7009EECCB /* Poker */,
			);
			productName = Texas;
			productReference = 50E1D0012818FF750035E112 /* Texas.app */;
			productType = "com.apple.product-type.application";
		};
/* End PBXNativeTarget section */

/* Begin PBXProject section */
		50E1CFF92818FF750035E112 /* Project object */ = {
			isa = PBXProject;
			attributes = {
				BuildIndependentTargetsInParallel = 1;
				LastSwiftUpdateCheck = 1330;
				LastUpgradeCheck = 1330;
				TargetAttributes = {
					50E1D0002818FF750035E112 = {
						CreatedOnToolsVersion = 13.3;
					};
				};
			};
			buildConfigurationList = 50E1CFFC2818FF750035E112 /* Build configuration list for PBXProject "Texas" */;
			compatibilityVersion = "Xcode 13.0";
			developmentRegion = en;
			hasScannedForEncodings = 0;
			knownRegions = (
				en,
				Base,
			);
			mainGroup = 50E1CFF82818FF750035E112;
			packageReferences = (
				50EF823C282F6AE7009EECCB /* XCRemoteSwiftPackageReference "Poker" */,
			);
			productRefGroup = 50E1D0022818FF750035E112 /* Products */;
			projectDirPath = "";
			projectRoot = "";
			targets = (
				50E1D0002818FF750035E112 /* Texas */,
			);
		};
/* End PBXProject section */

/* Begin PBXResourcesBuildPhase section */
		50E1CFFF2818FF750035E112 /* Resources */ = {
			isa = PBXResourcesBuildPhase;
			buildActionMask = 2147483647;
			files = (
				50E1D00C2818FF760035E112 /* Preview Assets.xcassets in Resources */,
				50E1D0092818FF760035E112 /* Assets.xcassets in Resources */,
			);
			runOnlyForDeploymentPostprocessing = 0;
		};
/* End PBXResourcesBuildPhase section */

/* Begin PBXSourcesBuildPhase section */
		50E1CFFD2818FF750035E112 /* Sources */ = {
			isa = PBXSourcesBuildPhase;
			buildActionMask = 2147483647;
			files = (
				50E1D0072818FF750035E112 /* ContentView.swift in Sources */,
				50BFD857282E1FDB009E2D37 /* Dealer.swift in Sources */,
				50BFD852282CCA50009E2D37 /* CardsView.swift in Sources */,
				50E1D0052818FF750035E112 /* TexasApp.swift in Sources */,
				50BFD853282CCA50009E2D37 /* CardView.swift in Sources */,
			);
			runOnlyForDeploymentPostprocessing = 0;
		};
/* End PBXSourcesBuildPhase section */

/* Begin XCBuildConfiguration section */
		50E1D00D2818FF760035E112 /* Debug */ = {
			isa = XCBuildConfiguration;
			buildSettings = {
				ALWAYS_SEARCH_USER_PATHS = NO;
				CLANG_ANALYZER_NONNULL = YES;
				CLANG_ANALYZER_NUMBER_OBJECT_CONVERSION = YES_AGGRESSIVE;
				CLANG_CXX_LANGUAGE_STANDARD = "gnu++17";
				CLANG_ENABLE_MODULES = YES;
				CLANG_ENABLE_OBJC_ARC = YES;
				CLANG_ENABLE_OBJC_WEAK = YES;
				CLANG_WARN_BLOCK_CAPTURE_AUTORELEASING = YES;
				CLANG_WARN_BOOL_CONVERSION = YES;
				CLANG_WARN_COMMA = YES;
				CLANG_WARN_CONSTANT_CONVERSION = YES;
				CLANG_WARN_DEPRECATED_OBJC_IMPLEMENTATIONS = YES;
				CLANG_WARN_DIRECT_OBJC_ISA_USAGE = YES_ERROR;
				CLANG_WARN_DOCUMENTATION_COMMENTS = YES;
				CLANG_WARN_EMPTY_BODY = YES;
				CLANG_WARN_ENUM_CONVERSION = YES;
				CLANG_WARN_INFINITE_RECURSION = YES;
				CLANG_WARN_INT_CONVERSION = YES;
				CLANG_WARN_NON_LITERAL_NULL_CONVERSION = YES;
				CLANG_WARN_OBJC_IMPLICIT_RETAIN_SELF = YES;
				CLANG_WARN_OBJC_LITERAL_CONVERSION = YES;
				CLANG_WARN_OBJC_ROOT_CLASS = YES_ERROR;
				CLANG_WARN_QUOTED_INCLUDE_IN_FRAMEWORK_HEADER = YES;
				CLANG_WARN_RANGE_LOOP_ANALYSIS = YES;
				CLANG_WARN_STRICT_PROTOTYPES = YES;
				CLANG_WARN_SUSPICIOUS_MOVE = YES;
				CLANG_WARN_UNGUARDED_AVAILABILITY = YES_AGGRESSIVE;
				CLANG_WARN_UNREACHABLE_CODE = YES;
				CLANG_WARN__DUPLICATE_METHOD_MATCH = YES;
				COPY_PHASE_STRIP = NO;
				DEBUG_INFORMATION_FORMAT = dwarf;
				ENABLE_STRICT_OBJC_MSGSEND = YES;
				ENABLE_TESTABILITY = YES;
				GCC_C_LANGUAGE_STANDARD = gnu11;
				GCC_DYNAMIC_NO_PIC = NO;
				GCC_NO_COMMON_BLOCKS = YES;
				GCC_OPTIMIZATION_LEVEL = 0;
				GCC_PREPROCESSOR_DEFINITIONS = (
					"DEBUG=1",
					"$(inherited)",
				);
				GCC_WARN_64_TO_32_BIT_CONVERSION = YES;
				GCC_WARN_ABOUT_RETURN_TYPE = YES_ERROR;
				GCC_WARN_UNDECLARED_SELECTOR = YES;
				GCC_WARN_UNINITIALIZED_AUTOS = YES_AGGRESSIVE;
				GCC_WARN_UNUSED_FUNCTION = YES;
				GCC_WARN_UNUSED_VARIABLE = YES;
				IPHONEOS_DEPLOYMENT_TARGET = 15.4;
				MTL_ENABLE_DEBUG_INFO = INCLUDE_SOURCE;
				MTL_FAST_MATH = YES;
				ONLY_ACTIVE_ARCH = YES;
				SDKROOT = iphoneos;
				SWIFT_ACTIVE_COMPILATION_CONDITIONS = DEBUG;
				SWIFT_OPTIMIZATION_LEVEL = "-Onone";
			};
			name = Debug;
		};
		50E1D00E2818FF760035E112 /* Release */ = {
			isa = XCBuildConfiguration;
			buildSettings = {
				ALWAYS_SEARCH_USER_PATHS = NO;
				CLANG_ANALYZER_NONNULL = YES;
				CLANG_ANALYZER_NUMBER_OBJECT_CONVERSION = YES_AGGRESSIVE;
				CLANG_CXX_LANGUAGE_STANDARD = "gnu++17";
				CLANG_ENABLE_MODULES = YES;
				CLANG_ENABLE_OBJC_ARC = YES;
				CLANG_ENABLE_OBJC_WEAK = YES;
				CLANG_WARN_BLOCK_CAPTURE_AUTORELEASING = YES;
				CLANG_WARN_BOOL_CONVERSION = YES;
				CLANG_WARN_COMMA = YES;
				CLANG_WARN_CONSTANT_CONVERSION = YES;
				CLANG_WARN_DEPRECATED_OBJC_IMPLEMENTATIONS = YES;
				CLANG_WARN_DIRECT_OBJC_ISA_USAGE = YES_ERROR;
				CLANG_WARN_DOCUMENTATION_COMMENTS = YES;
				CLANG_WARN_EMPTY_BODY = YES;
				CLANG_WARN_ENUM_CONVERSION = YES;
				CLANG_WARN_INFINITE_RECURSION = YES;
				CLANG_WARN_INT_CONVERSION = YES;
				CLANG_WARN_NON_LITERAL_NULL_CONVERSION = YES;
				CLANG_WARN_OBJC_IMPLICIT_RETAIN_SELF = YES;
				CLANG_WARN_OBJC_LITERAL_CONVERSION = YES;
				CLANG_WARN_OBJC_ROOT_CLASS = YES_ERROR;
				CLANG_WARN_QUOTED_INCLUDE_IN_FRAMEWORK_HEADER = YES;
				CLANG_WARN_RANGE_LOOP_ANALYSIS = YES;
				CLANG_WARN_STRICT_PROTOTYPES = YES;
				CLANG_WARN_SUSPICIOUS_MOVE = YES;
				CLANG_WARN_UNGUARDED_AVAILABILITY = YES_AGGRESSIVE;
				CLANG_WARN_UNREACHABLE_CODE = YES;
				CLANG_WARN__DUPLICATE_METHOD_MATCH = YES;
				COPY_PHASE_STRIP = NO;
				DEBUG_INFORMATION_FORMAT = "dwarf-with-dsym";
				ENABLE_NS_ASSERTIONS = NO;
				ENABLE_STRICT_OBJC_MSGSEND = YES;
				GCC_C_LANGUAGE_STANDARD = gnu11;
				GCC_NO_COMMON_BLOCKS = YES;
				GCC_WARN_64_TO_32_BIT_CONVERSION = YES;
				GCC_WARN_ABOUT_RETURN_TYPE = YES_ERROR;
				GCC_WARN_UNDECLARED_SELECTOR = YES;
				GCC_WARN_UNINITIALIZED_AUTOS = YES_AGGRESSIVE;
				GCC_WARN_UNUSED_FUNCTION = YES;
				GCC_WARN_UNUSED_VARIABLE = YES;
				IPHONEOS_DEPLOYMENT_TARGET = 15.4;
				MTL_ENABLE_DEBUG_INFO = NO;
				MTL_FAST_MATH = YES;
				SDKROOT = iphoneos;
				SWIFT_COMPILATION_MODE = wholemodule;
				SWIFT_OPTIMIZATION_LEVEL = "-O";
				VALIDATE_PRODUCT = YES;
			};
			name = Release;
		};
		50E1D0102818FF760035E112 /* Debug */ = {
			isa = XCBuildConfiguration;
			buildSettings = {
				ASSETCATALOG_COMPILER_APPICON_NAME = AppIcon;
				ASSETCATALOG_COMPILER_GLOBAL_ACCENT_COLOR_NAME = AccentColor;
				CODE_SIGN_STYLE = Automatic;
				CURRENT_PROJECT_VERSION = 1;
				DEVELOPMENT_ASSET_PATHS = "\"Texas/Preview Content\"";
				ENABLE_PREVIEWS = YES;
				GENERATE_INFOPLIST_FILE = YES;
				INFOPLIST_KEY_UIApplicationSceneManifest_Generation = YES;
				INFOPLIST_KEY_UIApplicationSupportsIndirectInputEvents = YES;
				INFOPLIST_KEY_UILaunchScreen_Generation = YES;
				INFOPLIST_KEY_UISupportedInterfaceOrientations = "";
				INFOPLIST_KEY_UISupportedInterfaceOrientations_iPad = "UIInterfaceOrientationPortrait UIInterfaceOrientationPortraitUpsideDown UIInterfaceOrientationLandscapeLeft UIInterfaceOrientationLandscapeRight";
				INFOPLIST_KEY_UISupportedInterfaceOrientations_iPhone = UIInterfaceOrientationLandscapeLeft;
				LD_RUNPATH_SEARCH_PATHS = (
					"$(inherited)",
					"@executable_path/Frameworks",
				);
				MARKETING_VERSION = 1.0;
				PRODUCT_BUNDLE_IDENTIFIER = com.robertnash.Texas;
				PRODUCT_NAME = "$(TARGET_NAME)";
				SWIFT_EMIT_LOC_STRINGS = YES;
				SWIFT_VERSION = 5.0;
				TARGETED_DEVICE_FAMILY = 2;
			};
			name = Debug;
		};
		50E1D0112818FF760035E112 /* Release */ = {
			isa = XCBuildConfiguration;
			buildSettings = {
				ASSETCATALOG_COMPILER_APPICON_NAME = AppIcon;
				ASSETCATALOG_COMPILER_GLOBAL_ACCENT_COLOR_NAME = AccentColor;
				CODE_SIGN_STYLE = Automatic;
				CURRENT_PROJECT_VERSION = 1;
				DEVELOPMENT_ASSET_PATHS = "\"Texas/Preview Content\"";
				ENABLE_PREVIEWS = YES;
				GENERATE_INFOPLIST_FILE = YES;
				INFOPLIST_KEY_UIApplicationSceneManifest_Generation = YES;
				INFOPLIST_KEY_UIApplicationSupportsIndirectInputEvents = YES;
				INFOPLIST_KEY_UILaunchScreen_Generation = YES;
				INFOPLIST_KEY_UISupportedInterfaceOrientations = "";
				INFOPLIST_KEY_UISupportedInterfaceOrientations_iPad = "UIInterfaceOrientationPortrait UIInterfaceOrientationPortraitUpsideDown UIInterfaceOrientationLandscapeLeft UIInterfaceOrientationLandscapeRight";
				INFOPLIST_KEY_UISupportedInterfaceOrientations_iPhone = UIInterfaceOrientationLandscapeLeft;
				LD_RUNPATH_SEARCH_PATHS = (
					"$(inherited)",
					"@executable_path/Frameworks",
				);
				MARKETING_VERSION = 1.0;
				PRODUCT_BUNDLE_IDENTIFIER = com.robertnash.Texas;
				PRODUCT_NAME = "$(TARGET_NAME)";
				SWIFT_EMIT_LOC_STRINGS = YES;
				SWIFT_VERSION = 5.0;
				TARGETED_DEVICE_FAMILY = 2;
			};
			name = Release;
		};
/* End XCBuildConfiguration section */

/* Begin XCConfigurationList section */
		50E1CFFC2818FF750035E112 /* Build configuration list for PBXProject "Texas" */ = {
			isa = XCConfigurationList;
			buildConfigurations = (
				50E1D00D2818FF760035E112 /* Debug */,
				50E1D00E2818FF760035E112 /* Release */,
			);
			defaultConfigurationIsVisible = 0;
			defaultConfigurationName = Release;
		};
		50E1D00F2818FF760035E112 /* Build configuration list for PBXNativeTarget "Texas" */ = {
			isa = XCConfigurationList;
			buildConfigurations = (
				50E1D0102818FF760035E112 /* Debug */,
				50E1D0112818FF760035E112 /* Release */,
			);
			defaultConfigurationIsVisible = 0;
			defaultConfigurationName = Release;
		};
/* End XCConfigurationList section */

/* Begin XCRemoteSwiftPackageReference section */
		50EF823C282F6AE7009EECCB /* XCRemoteSwiftPackageReference "Poker" */ = {
			isa = XCRemoteSwiftPackageReference;
			repositoryURL = "https://github.com/nashysolutions/Poker.git";
			requirement = {
				kind = exactVersion;
				version = 1.0.0;
			};
		};
/* End XCRemoteSwiftPackageReference section */

/* Begin XCSwiftPackageProductDependency section */
		50EF823D282F6AE7009EECCB /* Poker */ = {
			isa = XCSwiftPackageProductDependency;
			package = 50EF823C282F6AE7009EECCB /* XCRemoteSwiftPackageReference "Poker" */;
			productName = Poker;
		};
/* End XCSwiftPackageProductDependency section */
	};
	rootObject = 50E1CFF92818FF750035E112 /* Project object */;
}
